
Microsoft Visual Studio Solution File, Format Version 11.00
# Visual Studio 2010
Project("{6989167D-11E4-40FE-8C1A-2192A86A7E90}") = "aeolis", "aeolis.vfproj", "{7F5A3F92-C185-4C60-80E0-3834DF8D3CDE}"
EndProject
Global
	GlobalSection(SolutionConfigurationPlatforms) = preSolution
		Debug|Win32 = Debug|Win32
		Release|Win32 = Release|Win32
	EndGlobalSection
	GlobalSection(ProjectConfigurationPlatforms) = postSolution
		{7F5A3F92-C185-4C60-80E0-3834DF8D3CDE}.Debug|Win32.ActiveCfg = Debug|Win32
		{7F5A3F92-C185-4C60-80E0-3834DF8D3CDE}.Debug|Win32.Build.0 = Debug|Win32
		{7F5A3F92-C185-4C60-80E0-3834DF8D3CDE}.Release|Win32.ActiveCfg = Release|Win32
		{7F5A3F92-C185-4C60-80E0-3834DF8D3CDE}.Release|Win32.Build.0 = Release|Win32
	EndGlobalSection
	GlobalSection(SolutionProperties) = preSolution
		HideSolutionNode = FALSE
	EndGlobalSection
EndGlobal
